{
  "name": "@twobitedd/zen-garden-threejs",
  "version": "0.1.0",
  "lockfileVersion": 3,
  "requires": true,
  "packages": {
    "": {
      "name": "@twobitedd/zen-garden-threejs",
      "version": "0.1.0",
      "license": "MIT",
      "dependencies": {
        "@twobitedd/zen-sand-rake": "file:../packages/zen-sand-rake"
      },
      "devDependencies": {
        "@react-three/drei": "^10.7.7",
        "@react-three/fiber": "^9.5.0",
        "@types/react": "^19.2.4",
        "@types/react-dom": "^19.2.3",
        "react": "^19.2.0",
        "react-dom": "^19.2.0",
        "three": "^0.183.1",
        "typescript": "^5.8.3"
      },
      "engines": {
        "node": ">=20"
      },
      "peerDependencies": {
        "@react-three/drei": "^10.0.0",
        "@react-three/fiber": "^9.0.0",
        "react": "^18.2.0 || ^19.0.0",
        "react-dom": "^18.2.0 || ^19.0.0",
        "three": "^0.180.0 || ^0.181.0 || ^0.182.0 || ^0.183.0"
      }
    },
    "../packages/zen-sand-rake": {
      "name": "@twobitedd/zen-sand-rake",
      "version": "0.1.0",
      "license": "MIT",
      "devDependencies": {
        "@react-three/drei": "^10.7.7",
        "@react-three/fiber": "^9.5.0",
        "@types/react": "^19.2.4",
        "@types/react-dom": "^19.2.3",
        "react": "^19.2.0",
        "react-dom": "^19.2.0",
        "three": "^0.183.1",
        "tsx": "^4.20.6",
        "typescript": "^5.8.3"
      },
      "engines": {
        "node": ">=20"
      },
      "peerDependencies": {
        "@react-three/drei": "^10.0.0",
        "@react-three/fiber": "^9.0.0",
        "react": "^18.2.0 || ^19.0.0",
        "react-dom": "^18.2.0 || ^19.0.0",
        "three": "^0.180.0 || ^0.181.0 || ^0.182.0 || ^0.183.0"
      }
    },
    "../packages/zen-sand-rake/node_modules/@babel/runtime": {
      "version": "7.29.2",
      "dev": true,
      "license": "MIT",
      "engines": {
        "node": ">=6.9.0"
      }
    },
    "../packages/zen-sand-rake/node_modules/@dimforge/rapier3d-compat": {
      "version": "0.12.0",
      "dev": true,
      "license": "Apache-2.0"
    },
    "../packages/zen-sand-rake/node_modules/@esbuild/darwin-arm64": {
      "version": "0.27.7",
      "cpu": [
        "arm64"
      ],
      "dev": true,
      "license": "MIT",
      "optional": true,
      "os": [
        "darwin"
      ],
      "engines": {
        "node": ">=18"
      }
    },
    "../packages/zen-sand-rake/node_modules/@mediapipe/tasks-vision": {
      "version": "0.10.17",
      "dev": true,
      "license": "Apache-2.0"
    },
    "../packages/zen-sand-rake/node_modules/@monogrid/gainmap-js": {
      "version": "3.4.0",
      "dev": true,
      "license": "MIT",
      "dependencies": {
        "promise-worker-transferable": "^1.0.4"
      },
      "peerDependencies": {
        "three": ">= 0.159.0"
      }
    },
    "../packages/zen-sand-rake/node_modules/@react-three/drei": {
      "version": "10.7.7",
      "dev": true,
      "license": "MIT",
      "dependencies": {
        "@babel/runtime": "^7.26.0",
        "@mediapipe/tasks-vision": "0.10.17",
        "@monogrid/gainmap-js": "^3.0.6",
        "@use-gesture/react": "^10.3.1",
        "camera-controls": "^3.1.0",
        "cross-env": "^7.0.3",
        "detect-gpu": "^5.0.56",
        "glsl-noise": "^0.0.0",
        "hls.js": "^1.5.17",
        "maath": "^0.10.8",
        "meshline": "^3.3.1",
        "stats-gl": "^2.2.8",
        "stats.js": "^0.17.0",
        "suspend-react": "^0.1.3",
        "three-mesh-bvh": "^0.8.3",
        "three-stdlib": "^2.35.6",
        "troika-three-text": "^0.52.4",
        "tunnel-rat": "^0.1.2",
        "use-sync-external-store": "^1.4.0",
        "utility-types": "^3.11.0",
        "zustand": "^5.0.1"
      },
      "peerDependencies": {
        "@react-three/fiber": "^9.0.0",
        "react": "^19",
        "react-dom": "^19",
        "three": ">=0.159"
      },
      "peerDependenciesMeta": {
        "react-dom": {
          "optional": true
        }
      }
    },
    "../packages/zen-sand-rake/node_modules/@react-three/fiber": {
      "version": "9.6.1",
      "dev": true,
      "license": "MIT",
      "dependencies": {
        "@babel/runtime": "^7.17.8",
        "@types/webxr": "*",
        "base64-js": "^1.5.1",
        "buffer": "^6.0.3",
        "its-fine": "^2.0.0",
        "react-use-measure": "^2.1.7",
        "scheduler": "^0.27.0",
        "suspend-react": "^0.1.3",
        "use-sync-external-store": "^1.4.0",
        "zustand": "^5.0.3"
      },
      "peerDependencies": {
        "expo": ">=43.0",
        "expo-asset": ">=8.4",
        "expo-file-system": ">=11.0",
        "expo-gl": ">=11.0",
        "react": ">=19 <19.3",
        "react-dom": ">=19 <19.3",
        "react-native": ">=0.78",
        "three": ">=0.156"
      },
      "peerDependenciesMeta": {
        "expo": {
          "optional": true
        },
        "expo-asset": {
          "optional": true
        },
        "expo-file-system": {
          "optional": true
        },
        "expo-gl": {
          "optional": true
        },
        "react-dom": {
          "optional": true
        },
        "react-native": {
          "optional": true
        }
      }
    },
    "../packages/zen-sand-rake/node_modules/@tweenjs/tween.js": {
      "version": "23.1.3",
      "dev": true,
      "license": "MIT"
    },
    "../packages/zen-sand-rake/node_modules/@types/draco3d": {
      "version": "1.4.10",
      "dev": true,
      "license": "MIT"
    },
    "../packages/zen-sand-rake/node_modules/@types/offscreencanvas": {
      "version": "2019.7.3",
      "dev": true,
      "license": "MIT"
    },
    "../packages/zen-sand-rake/node_modules/@types/react": {
      "version": "19.2.14",
      "dev": true,
      "license": "MIT",
      "dependencies": {
        "csstype": "^3.2.2"
      }
    },
    "../packages/zen-sand-rake/node_modules/@types/react-dom": {
      "version": "19.2.3",
      "dev": true,
      "license": "MIT",
      "peerDependencies": {
        "@types/react": "^19.2.0"
      }
    },
    "../packages/zen-sand-rake/node_modules/@types/react-reconciler": {
      "version": "0.28.9",
      "dev": true,
      "license": "MIT",
      "peerDependencies": {
        "@types/react": "*"
      }
    },
    "../packages/zen-sand-rake/node_modules/@types/stats.js": {
      "version": "0.17.4",
      "dev": true,
      "license": "MIT"
    },
    "../packages/zen-sand-rake/node_modules/@types/three": {
      "version": "0.184.1",
      "dev": true,
      "license": "MIT",
      "dependencies": {
        "@dimforge/rapier3d-compat": "~0.12.0",
        "@tweenjs/tween.js": "~23.1.3",
        "@types/stats.js": "*",
        "@types/webxr": ">=0.5.17",
        "fflate": "~0.8.2",
        "meshoptimizer": "~1.1.1"
      }
    },
    "../packages/zen-sand-rake/node_modules/@types/webxr": {
      "version": "0.5.24",
      "dev": true,
      "license": "MIT"
    },
    "../packages/zen-sand-rake/node_modules/@use-gesture/core": {
      "version": "10.3.1",
      "dev": true,
      "license": "MIT"
    },
    "../packages/zen-sand-rake/node_modules/@use-gesture/react": {
      "version": "10.3.1",
      "dev": true,
      "license": "MIT",
      "dependencies": {
        "@use-gesture/core": "10.3.1"
      },
      "peerDependencies": {
        "react": ">= 16.8.0"
      }
    },
    "../packages/zen-sand-rake/node_modules/base64-js": {
      "version": "1.5.1",
      "dev": true,
      "funding": [
        {
          "type": "github",
          "url": "https://github.com/sponsors/feross"
        },
        {
          "type": "patreon",
          "url": "https://www.patreon.com/feross"
        },
        {
          "type": "consulting",
          "url": "https://feross.org/support"
        }
      ],
      "license": "MIT"
    },
    "../packages/zen-sand-rake/node_modules/bidi-js": {
      "version": "1.0.3",
      "dev": true,
      "license": "MIT",
      "dependencies": {
        "require-from-string": "^2.0.2"
      }
    },
    "../packages/zen-sand-rake/node_modules/buffer": {
      "version": "6.0.3",
      "dev": true,
      "funding": [
        {
          "type": "github",
          "url": "https://github.com/sponsors/feross"
        },
        {
          "type": "patreon",
          "url": "https://www.patreon.com/feross"
        },
        {
          "type": "consulting",
          "url": "https://feross.org/support"
        }
      ],
      "license": "MIT",
      "dependencies": {
        "base64-js": "^1.3.1",
        "ieee754": "^1.2.1"
      }
    },
    "../packages/zen-sand-rake/node_modules/camera-controls": {
      "version": "3.1.2",
      "dev": true,
      "license": "MIT",
      "engines": {
        "node": ">=22.0.0",
        "npm": ">=10.5.1"
      },
      "peerDependencies": {
        "three": ">=0.126.1"
      }
    },
    "../packages/zen-sand-rake/node_modules/cross-env": {
      "version": "7.0.3",
      "dev": true,
      "license": "MIT",
      "dependencies": {
        "cross-spawn": "^7.0.1"
      },
      "bin": {
        "cross-env": "src/bin/cross-env.js",
        "cross-env-shell": "src/bin/cross-env-shell.js"
      },
      "engines": {
        "node": ">=10.14",
        "npm": ">=6",
        "yarn": ">=1"
      }
    },
    "../packages/zen-sand-rake/node_modules/cross-spawn": {
      "version": "7.0.6",
      "dev": true,
      "license": "MIT",
      "dependencies": {
        "path-key": "^3.1.0",
        "shebang-command": "^2.0.0",
        "which": "^2.0.1"
      },
      "engines": {
        "node": ">= 8"
      }
    },
    "../packages/zen-sand-rake/node_modules/csstype": {
      "version": "3.2.3",
      "dev": true,
      "license": "MIT"
    },
    "../packages/zen-sand-rake/node_modules/detect-gpu": {
      "version": "5.0.70",
      "dev": true,
      "license": "MIT",
      "dependencies": {
        "webgl-constants": "^1.1.1"
      }
    },
    "../packages/zen-sand-rake/node_modules/draco3d": {
      "version": "1.5.7",
      "dev": true,
      "license": "Apache-2.0"
    },
    "../packages/zen-sand-rake/node_modules/esbuild": {
      "version": "0.27.7",
      "dev": true,
      "hasInstallScript": true,
      "license": "MIT",
      "bin": {
        "esbuild": "bin/esbuild"
      },
      "engines": {
        "node": ">=18"
      },
      "optionalDependencies": {
        "@esbuild/aix-ppc64": "0.27.7",
        "@esbuild/android-arm": "0.27.7",
        "@esbuild/android-arm64": "0.27.7",
        "@esbuild/android-x64": "0.27.7",
        "@esbuild/darwin-arm64": "0.27.7",
        "@esbuild/darwin-x64": "0.27.7",
        "@esbuild/freebsd-arm64": "0.27.7",
        "@esbuild/freebsd-x64": "0.27.7",
        "@esbuild/linux-arm": "0.27.7",
        "@esbuild/linux-arm64": "0.27.7",
        "@esbuild/linux-ia32": "0.27.7",
        "@esbuild/linux-loong64": "0.27.7",
        "@esbuild/linux-mips64el": "0.27.7",
        "@esbuild/linux-ppc64": "0.27.7",
        "@esbuild/linux-riscv64": "0.27.7",
        "@esbuild/linux-s390x": "0.27.7",
        "@esbuild/linux-x64": "0.27.7",
        "@esbuild/netbsd-arm64": "0.27.7",
        "@esbuild/netbsd-x64": "0.27.7",
        "@esbuild/openbsd-arm64": "0.27.7",
        "@esbuild/openbsd-x64": "0.27.7",
        "@esbuild/openharmony-arm64": "0.27.7",
        "@esbuild/sunos-x64": "0.27.7",
        "@esbuild/win32-arm64": "0.27.7",
        "@esbuild/win32-ia32": "0.27.7",
        "@esbuild/win32-x64": "0.27.7"
      }
    },
    "../packages/zen-sand-rake/node_modules/fflate": {
      "version": "0.8.2",
      "dev": true,
      "license": "MIT"
    },
    "../packages/zen-sand-rake/node_modules/get-tsconfig": {
      "version": "4.14.0",
      "dev": true,
      "license": "MIT",
      "dependencies": {
        "resolve-pkg-maps": "^1.0.0"
      },
      "funding": {
        "url": "https://github.com/privatenumber/get-tsconfig?sponsor=1"
      }
    },
    "../packages/zen-sand-rake/node_modules/glsl-noise": {
      "version": "0.0.0",
      "dev": true,
      "license": "MIT"
    },
    "../packages/zen-sand-rake/node_modules/hls.js": {
      "version": "1.6.16",
      "dev": true,
      "license": "Apache-2.0"
    },
    "../packages/zen-sand-rake/node_modules/ieee754": {
      "version": "1.2.1",
      "dev": true,
      "funding": [
        {
          "type": "github",
          "url": "https://github.com/sponsors/feross"
        },
        {
          "type": "patreon",
          "url": "https://www.patreon.com/feross"
        },
        {
          "type": "consulting",
          "url": "https://feross.org/support"
        }
      ],
      "license": "BSD-3-Clause"
    },
    "../packages/zen-sand-rake/node_modules/immediate": {
      "version": "3.0.6",
      "dev": true,
      "license": "MIT"
    },
    "../packages/zen-sand-rake/node_modules/is-promise": {
      "version": "2.2.2",
      "dev": true,
      "license": "MIT"
    },
    "../packages/zen-sand-rake/node_modules/isexe": {
      "version": "2.0.0",
      "dev": true,
      "license": "ISC"
    },
    "../packages/zen-sand-rake/node_modules/its-fine": {
      "version": "2.0.0",
      "dev": true,
      "license": "MIT",
      "dependencies": {
        "@types/react-reconciler": "^0.28.9"
      },
      "peerDependencies": {
        "react": "^19.0.0"
      }
    },
    "../packages/zen-sand-rake/node_modules/lie": {
      "version": "3.3.0",
      "dev": true,
      "license": "MIT",
      "dependencies": {
        "immediate": "~3.0.5"
      }
    },
    "../packages/zen-sand-rake/node_modules/maath": {
      "version": "0.10.8",
      "dev": true,
      "license": "MIT",
      "peerDependencies": {
        "@types/three": ">=0.134.0",
        "three": ">=0.134.0"
      }
    },
    "../packages/zen-sand-rake/node_modules/meshline": {
      "version": "3.3.1",
      "dev": true,
      "license": "MIT",
      "peerDependencies": {
        "three": ">=0.137"
      }
    },
    "../packages/zen-sand-rake/node_modules/meshoptimizer": {
      "version": "1.1.1",
      "dev": true,
      "license": "MIT"
    },
    "../packages/zen-sand-rake/node_modules/path-key": {
      "version": "3.1.1",
      "dev": true,
      "license": "MIT",
      "engines": {
        "node": ">=8"
      }
    },
    "../packages/zen-sand-rake/node_modules/potpack": {
      "version": "1.0.2",
      "dev": true,
      "license": "ISC"
    },
    "../packages/zen-sand-rake/node_modules/promise-worker-transferable": {
      "version": "1.0.4",
      "dev": true,
      "license": "Apache-2.0",
      "dependencies": {
        "is-promise": "^2.1.0",
        "lie": "^3.0.2"
      }
    },
    "../packages/zen-sand-rake/node_modules/react": {
      "version": "19.2.6",
      "dev": true,
      "license": "MIT",
      "engines": {
        "node": ">=0.10.0"
      }
    },
    "../packages/zen-sand-rake/node_modules/react-dom": {
      "version": "19.2.6",
      "dev": true,
      "license": "MIT",
      "dependencies": {
        "scheduler": "^0.27.0"
      },
      "peerDependencies": {
        "react": "^19.2.6"
      }
    },
    "../packages/zen-sand-rake/node_modules/react-use-measure": {
      "version": "2.1.7",
      "dev": true,
      "license": "MIT",
      "peerDependencies": {
        "react": ">=16.13",
        "react-dom": ">=16.13"
      },
      "peerDependenciesMeta": {
        "react-dom": {
          "optional": true
        }
      }
    },
    "../packages/zen-sand-rake/node_modules/require-from-string": {
      "version": "2.0.2",
      "dev": true,
      "license": "MIT",
      "engines": {
        "node": ">=0.10.0"
      }
    },
    "../packages/zen-sand-rake/node_modules/resolve-pkg-maps": {
      "version": "1.0.0",
      "dev": true,
      "license": "MIT",
      "funding": {
        "url": "https://github.com/privatenumber/resolve-pkg-maps?sponsor=1"
      }
    },
    "../packages/zen-sand-rake/node_modules/scheduler": {
      "version": "0.27.0",
      "dev": true,
      "license": "MIT"
    },
    "../packages/zen-sand-rake/node_modules/shebang-command": {
      "version": "2.0.0",
      "dev": true,
      "license": "MIT",
      "dependencies": {
        "shebang-regex": "^3.0.0"
      },
      "engines": {
        "node": ">=8"
      }
    },
    "../packages/zen-sand-rake/node_modules/shebang-regex": {
      "version": "3.0.0",
      "dev": true,
      "license": "MIT",
      "engines": {
        "node": ">=8"
      }
    },
    "../packages/zen-sand-rake/node_modules/stats-gl": {
      "version": "2.4.2",
      "dev": true,
      "license": "MIT",
      "dependencies": {
        "@types/three": "*",
        "three": "^0.170.0"
      },
      "peerDependencies": {
        "@types/three": "*",
        "three": "*"
      }
    },
    "../packages/zen-sand-rake/node_modules/stats-gl/node_modules/three": {
      "version": "0.170.0",
      "dev": true,
      "license": "MIT"
    },
    "../packages/zen-sand-rake/node_modules/stats.js": {
      "version": "0.17.0",
      "dev": true,
      "license": "MIT"
    },
    "../packages/zen-sand-rake/node_modules/suspend-react": {
      "version": "0.1.3",
      "dev": true,
      "license": "MIT",
      "peerDependencies": {
        "react": ">=17.0"
      }
    },
    "../packages/zen-sand-rake/node_modules/three": {
      "version": "0.183.2",
      "dev": true,
      "license": "MIT"
    },
    "../packages/zen-sand-rake/node_modules/three-mesh-bvh": {
      "version": "0.8.3",
      "dev": true,
      "license": "MIT",
      "peerDependencies": {
        "three": ">= 0.159.0"
      }
    },
    "../packages/zen-sand-rake/node_modules/three-stdlib": {
      "version": "2.36.1",
      "dev": true,
      "license": "MIT",
      "dependencies": {
        "@types/draco3d": "^1.4.0",
        "@types/offscreencanvas": "^2019.6.4",
        "@types/webxr": "^0.5.2",
        "draco3d": "^1.4.1",
        "fflate": "^0.6.9",
        "potpack": "^1.0.1"
      },
      "peerDependencies": {
        "three": ">=0.128.0"
      }
    },
    "../packages/zen-sand-rake/node_modules/three-stdlib/node_modules/fflate": {
      "version": "0.6.10",
      "dev": true,
      "license": "MIT"
    },
    "../packages/zen-sand-rake/node_modules/troika-three-text": {
      "version": "0.52.4",
      "dev": true,
      "license": "MIT",
      "dependencies": {
        "bidi-js": "^1.0.2",
        "troika-three-utils": "^0.52.4",
        "troika-worker-utils": "^0.52.0",
        "webgl-sdf-generator": "1.1.1"
      },
      "peerDependencies": {
        "three": ">=0.125.0"
      }
    },
    "../packages/zen-sand-rake/node_modules/troika-three-utils": {
      "version": "0.52.4",
      "dev": true,
      "license": "MIT",
      "peerDependencies": {
        "three": ">=0.125.0"
      }
    },
    "../packages/zen-sand-rake/node_modules/troika-worker-utils": {
      "version": "0.52.0",
      "dev": true,
      "license": "MIT"
    },
    "../packages/zen-sand-rake/node_modules/tsx": {
      "version": "4.21.0",
      "dev": true,
      "license": "MIT",
      "dependencies": {
        "esbuild": "~0.27.0",
        "get-tsconfig": "^4.7.5"
      },
      "bin": {
        "tsx": "dist/cli.mjs"
      },
      "engines": {
        "node": ">=18.0.0"
      },
      "optionalDependencies": {
        "fsevents": "~2.3.3"
      }
    },
    "../packages/zen-sand-rake/node_modules/tunnel-rat": {
      "version": "0.1.2",
      "dev": true,
      "license": "MIT",
      "dependencies": {
        "zustand": "^4.3.2"
      }
    },
    "../packages/zen-sand-rake/node_modules/tunnel-rat/node_modules/zustand": {
      "version": "4.5.7",
      "dev": true,
      "license": "MIT",
      "dependencies": {
        "use-sync-external-store": "^1.2.2"
      },
      "engines": {
        "node": ">=12.7.0"
      },
      "peerDependencies": {
        "@types/react": ">=16.8",
        "immer": ">=9.0.6",
        "react": ">=16.8"
      },
      "peerDependenciesMeta": {
        "@types/react": {
          "optional": true
        },
        "immer": {
          "optional": true
        },
        "react": {
          "optional": true
        }
      }
    },
    "../packages/zen-sand-rake/node_modules/typescript": {
      "version": "5.9.3",
      "dev": true,
      "license": "Apache-2.0",
      "bin": {
        "tsc": "bin/tsc",
        "tsserver": "bin/tsserver"
      },
      "engines": {
        "node": ">=14.17"
      }
    },
    "../packages/zen-sand-rake/node_modules/use-sync-external-store": {
      "version": "1.6.0",
      "dev": true,
      "license": "MIT",
      "peerDependencies": {
        "react": "^16.8.0 || ^17.0.0 || ^18.0.0 || ^19.0.0"
      }
    },
    "../packages/zen-sand-rake/node_modules/utility-types": {
      "version": "3.11.0",
      "dev": true,
      "license": "MIT",
      "engines": {
        "node": ">= 4"
      }
    },
    "../packages/zen-sand-rake/node_modules/webgl-constants": {
      "version": "1.1.1",
      "dev": true
    },
    "../packages/zen-sand-rake/node_modules/webgl-sdf-generator": {
      "version": "1.1.1",
      "dev": true,
      "license": "MIT"
    },
    "../packages/zen-sand-rake/node_modules/which": {
      "version": "2.0.2",
      "dev": true,
      "license": "ISC",
      "dependencies": {
        "isexe": "^2.0.0"
      },
      "bin": {
        "node-which": "bin/node-which"
      },
      "engines": {
        "node": ">= 8"
      }
    },
    "../packages/zen-sand-rake/node_modules/zustand": {
      "version": "5.0.13",
      "dev": true,
      "license": "MIT",
      "engines": {
        "node": ">=12.20.0"
      },
      "peerDependencies": {
        "@types/react": ">=18.0.0",
        "immer": ">=9.0.6",
        "react": ">=18.0.0",
        "use-sync-external-store": ">=1.2.0"
      },
      "peerDependenciesMeta": {
        "@types/react": {
          "optional": true
        },
        "immer": {
          "optional": true
        },
        "react": {
          "optional": true
        },
        "use-sync-external-store": {
          "optional": true
        }
      }
    },
    "node_modules/@babel/runtime": {
      "version": "7.29.2",
      "dev": true,
      "license": "MIT",
      "engines": {
        "node": ">=6.9.0"
      }
    },
    "node_modules/@dimforge/rapier3d-compat": {
      "version": "0.12.0",
      "dev": true,
      "license": "Apache-2.0"
    },
    "node_modules/@mediapipe/tasks-vision": {
      "version": "0.10.17",
      "dev": true,
      "license": "Apache-2.0"
    },
    "node_modules/@monogrid/gainmap-js": {
      "version": "3.4.0",
      "dev": true,
      "license": "MIT",
      "dependencies": {
        "promise-worker-transferable": "^1.0.4"
      },
      "peerDependencies": {
        "three": ">= 0.159.0"
      }
    },
    "node_modules/@react-three/drei": {
      "version": "10.7.7",
      "dev": true,
      "license": "MIT",
      "dependencies": {
        "@babel/runtime": "^7.26.0",
        "@mediapipe/tasks-vision": "0.10.17",
        "@monogrid/gainmap-js": "^3.0.6",
        "@use-gesture/react": "^10.3.1",
        "camera-controls": "^3.1.0",
        "cross-env": "^7.0.3",
        "detect-gpu": "^5.0.56",
        "glsl-noise": "^0.0.0",
        "hls.js": "^1.5.17",
        "maath": "^0.10.8",
        "meshline": "^3.3.1",
        "stats-gl": "^2.2.8",
        "stats.js": "^0.17.0",
        "suspend-react": "^0.1.3",
        "three-mesh-bvh": "^0.8.3",
        "three-stdlib": "^2.35.6",
        "troika-three-text": "^0.52.4",
        "tunnel-rat": "^0.1.2",
        "use-sync-external-store": "^1.4.0",
        "utility-types": "^3.11.0",
        "zustand": "^5.0.1"
      },
      "peerDependencies": {
        "@react-three/fiber": "^9.0.0",
        "react": "^19",
        "react-dom": "^19",
        "three": ">=0.159"
      },
      "peerDependenciesMeta": {
        "react-dom": {
          "optional": true
        }
      }
    },
    "node_modules/@react-three/fiber": {
      "version": "9.6.1",
      "dev": true,
      "license": "MIT",
      "dependencies": {
        "@babel/runtime": "^7.17.8",
        "@types/webxr": "*",
        "base64-js": "^1.5.1",
        "buffer": "^6.0.3",
        "its-fine": "^2.0.0",
        "react-use-measure": "^2.1.7",
        "scheduler": "^0.27.0",
        "suspend-react": "^0.1.3",
        "use-sync-external-store": "^1.4.0",
        "zustand": "^5.0.3"
      },
      "peerDependencies": {
        "expo": ">=43.0",
        "expo-asset": ">=8.4",
        "expo-file-system": ">=11.0",
        "expo-gl": ">=11.0",
        "react": ">=19 <19.3",
        "react-dom": ">=19 <19.3",
        "react-native": ">=0.78",
        "three": ">=0.156"
      },
      "peerDependenciesMeta": {
        "expo": {
          "optional": true
        },
        "expo-asset": {
          "optional": true
        },
        "expo-file-system": {
          "optional": true
        },
        "expo-gl": {
          "optional": true
        },
        "react-dom": {
          "optional": true
        },
        "react-native": {
          "optional": true
        }
      }
    },
    "node_modules/@tweenjs/tween.js": {
      "version": "23.1.3",
      "dev": true,
      "license": "MIT"
    },
    "node_modules/@twobitedd/zen-sand-rake": {
      "resolved": "../packages/zen-sand-rake",
      "link": true
    },
    "node_modules/@types/draco3d": {
      "version": "1.4.10",
      "dev": true,
      "license": "MIT"
    },
    "node_modules/@types/offscreencanvas": {
      "version": "2019.7.3",
      "dev": true,
      "license": "MIT"
    },
    "node_modules/@types/react": {
      "version": "19.2.14",
      "dev": true,
      "license": "MIT",
      "dependencies": {
        "csstype": "^3.2.2"
      }
    },
    "node_modules/@types/react-dom": {
      "version": "19.2.3",
      "dev": true,
      "license": "MIT",
      "peerDependencies": {
        "@types/react": "^19.2.0"
      }
    },
    "node_modules/@types/react-reconciler": {
      "version": "0.28.9",
      "dev": true,
      "license": "MIT",
      "peerDependencies": {
        "@types/react": "*"
      }
    },
    "node_modules/@types/stats.js": {
      "version": "0.17.4",
      "dev": true,
      "license": "MIT"
    },
    "node_modules/@types/three": {
      "version": "0.184.1",
      "dev": true,
      "license": "MIT",
      "dependencies": {
        "@dimforge/rapier3d-compat": "~0.12.0",
        "@tweenjs/tween.js": "~23.1.3",
        "@types/stats.js": "*",
        "@types/webxr": ">=0.5.17",
        "fflate": "~0.8.2",
        "meshoptimizer": "~1.1.1"
      }
    },
    "node_modules/@types/webxr": {
      "version": "0.5.24",
      "dev": true,
      "license": "MIT"
    },
    "node_modules/@use-gesture/core": {
      "version": "10.3.1",
      "dev": true,
      "license": "MIT"
    },
    "node_modules/@use-gesture/react": {
      "version": "10.3.1",
      "dev": true,
      "license": "MIT",
      "dependencies": {
        "@use-gesture/core": "10.3.1"
      },
      "peerDependencies": {
        "react": ">= 16.8.0"
      }
    },
    "node_modules/base64-js": {
      "version": "1.5.1",
      "dev": true,
      "funding": [
        {
          "type": "github",
          "url": "https://github.com/sponsors/feross"
        },
        {
          "type": "patreon",
          "url": "https://www.patreon.com/feross"
        },
        {
          "type": "consulting",
          "url": "https://feross.org/support"
        }
      ],
      "license": "MIT"
    },
    "node_modules/bidi-js": {
      "version": "1.0.3",
      "dev": true,
      "license": "MIT",
      "dependencies": {
        "require-from-string": "^2.0.2"
      }
    },
    "node_modules/buffer": {
      "version": "6.0.3",
      "dev": true,
      "funding": [
        {
          "type": "github",
          "url": "https://github.com/sponsors/feross"
        },
        {
          "type": "patreon",
          "url": "https://www.patreon.com/feross"
        },
        {
          "type": "consulting",
          "url": "https://feross.org/support"
        }
      ],
      "license": "MIT",
      "dependencies": {
        "base64-js": "^1.3.1",
        "ieee754": "^1.2.1"
      }
    },
    "node_modules/camera-controls": {
      "version": "3.1.2",
      "dev": true,
      "license": "MIT",
      "engines": {
        "node": ">=22.0.0",
        "npm": ">=10.5.1"
      },
      "peerDependencies": {
        "three": ">=0.126.1"
      }
    },
    "node_modules/cross-env": {
      "version": "7.0.3",
      "dev": true,
      "license": "MIT",
      "dependencies": {
        "cross-spawn": "^7.0.1"
      },
      "bin": {
        "cross-env": "src/bin/cross-env.js",
        "cross-env-shell": "src/bin/cross-env-shell.js"
      },
      "engines": {
        "node": ">=10.14",
        "npm": ">=6",
        "yarn": ">=1"
      }
    },
    "node_modules/cross-spawn": {
      "version": "7.0.6",
      "dev": true,
      "license": "MIT",
      "dependencies": {
        "path-key": "^3.1.0",
        "shebang-command": "^2.0.0",
        "which": "^2.0.1"
      },
      "engines": {
        "node": ">= 8"
      }
    },
    "node_modules/csstype": {
      "version": "3.2.3",
      "dev": true,
      "license": "MIT"
    },
    "node_modules/detect-gpu": {
      "version": "5.0.70",
      "dev": true,
      "license": "MIT",
      "dependencies": {
        "webgl-constants": "^1.1.1"
      }
    },
    "node_modules/draco3d": {
      "version": "1.5.7",
      "dev": true,
      "license": "Apache-2.0"
    },
    "node_modules/fflate": {
      "version": "0.8.2",
      "dev": true,
      "license": "MIT"
    },
    "node_modules/glsl-noise": {
      "version": "0.0.0",
      "dev": true,
      "license": "MIT"
    },
    "node_modules/hls.js": {
      "version": "1.6.16",
      "dev": true,
      "license": "Apache-2.0"
    },
    "node_modules/ieee754": {
      "version": "1.2.1",
      "dev": true,
      "funding": [
        {
          "type": "github",
          "url": "https://github.com/sponsors/feross"
        },
        {
          "type": "patreon",
          "url": "https://www.patreon.com/feross"
        },
        {
          "type": "consulting",
          "url": "https://feross.org/support"
        }
      ],
      "license": "BSD-3-Clause"
    },
    "node_modules/immediate": {
      "version": "3.0.6",
      "dev": true,
      "license": "MIT"
    },
    "node_modules/is-promise": {
      "version": "2.2.2",
      "dev": true,
      "license": "MIT"
    },
    "node_modules/isexe": {
      "version": "2.0.0",
      "dev": true,
      "license": "ISC"
    },
    "node_modules/its-fine": {
      "version": "2.0.0",
      "dev": true,
      "license": "MIT",
      "dependencies": {
        "@types/react-reconciler": "^0.28.9"
      },
      "peerDependencies": {
        "react": "^19.0.0"
      }
    },
    "node_modules/lie": {
      "version": "3.3.0",
      "dev": true,
      "license": "MIT",
      "dependencies": {
        "immediate": "~3.0.5"
      }
    },
    "node_modules/maath": {
      "version": "0.10.8",
      "dev": true,
      "license": "MIT",
      "peerDependencies": {
        "@types/three": ">=0.134.0",
        "three": ">=0.134.0"
      }
    },
    "node_modules/meshline": {
      "version": "3.3.1",
      "dev": true,
      "license": "MIT",
      "peerDependencies": {
        "three": ">=0.137"
      }
    },
    "node_modules/meshoptimizer": {
      "version": "1.1.1",
      "dev": true,
      "license": "MIT"
    },
    "node_modules/path-key": {
      "version": "3.1.1",
      "dev": true,
      "license": "MIT",
      "engines": {
        "node": ">=8"
      }
    },
    "node_modules/potpack": {
      "version": "1.0.2",
      "dev": true,
      "license": "ISC"
    },
    "node_modules/promise-worker-transferable": {
      "version": "1.0.4",
      "dev": true,
      "license": "Apache-2.0",
      "dependencies": {
        "is-promise": "^2.1.0",
        "lie": "^3.0.2"
      }
    },
    "node_modules/react": {
      "version": "19.2.6",
      "dev": true,
      "license": "MIT",
      "engines": {
        "node": ">=0.10.0"
      }
    },
    "node_modules/react-dom": {
      "version": "19.2.6",
      "dev": true,
      "license": "MIT",
      "dependencies": {
        "scheduler": "^0.27.0"
      },
      "peerDependencies": {
        "react": "^19.2.6"
      }
    },
    "node_modules/react-use-measure": {
      "version": "2.1.7",
      "dev": true,
      "license": "MIT",
      "peerDependencies": {
        "react": ">=16.13",
        "react-dom": ">=16.13"
      },
      "peerDependenciesMeta": {
        "react-dom": {
          "optional": true
        }
      }
    },
    "node_modules/require-from-string": {
      "version": "2.0.2",
      "dev": true,
      "license": "MIT",
      "engines": {
        "node": ">=0.10.0"
      }
    },
    "node_modules/scheduler": {
      "version": "0.27.0",
      "dev": true,
      "license": "MIT"
    },
    "node_modules/shebang-command": {
      "version": "2.0.0",
      "dev": true,
      "license": "MIT",
      "dependencies": {
        "shebang-regex": "^3.0.0"
      },
      "engines": {
        "node": ">=8"
      }
    },
    "node_modules/shebang-regex": {
      "version": "3.0.0",
      "dev": true,
      "license": "MIT",
      "engines": {
        "node": ">=8"
      }
    },
    "node_modules/stats-gl": {
      "version": "2.4.2",
      "dev": true,
      "license": "MIT",
      "dependencies": {
        "@types/three": "*",
        "three": "^0.170.0"
      },
      "peerDependencies": {
        "@types/three": "*",
        "three": "*"
      }
    },
    "node_modules/stats-gl/node_modules/three": {
      "version": "0.170.0",
      "dev": true,
      "license": "MIT"
    },
    "node_modules/stats.js": {
      "version": "0.17.0",
      "dev": true,
      "license": "MIT"
    },
    "node_modules/suspend-react": {
      "version": "0.1.3",
      "dev": true,
      "license": "MIT",
      "peerDependencies": {
        "react": ">=17.0"
      }
    },
    "node_modules/three": {
      "version": "0.183.2",
      "dev": true,
      "license": "MIT"
    },
    "node_modules/three-mesh-bvh": {
      "version": "0.8.3",
      "dev": true,
      "license": "MIT",
      "peerDependencies": {
        "three": ">= 0.159.0"
      }
    },
    "node_modules/three-stdlib": {
      "version": "2.36.1",
      "dev": true,
      "license": "MIT",
      "dependencies": {
        "@types/draco3d": "^1.4.0",
        "@types/offscreencanvas": "^2019.6.4",
        "@types/webxr": "^0.5.2",
        "draco3d": "^1.4.1",
        "fflate": "^0.6.9",
        "potpack": "^1.0.1"
      },
      "peerDependencies": {
        "three": ">=0.128.0"
      }
    },
    "node_modules/three-stdlib/node_modules/fflate": {
      "version": "0.6.10",
      "dev": true,
      "license": "MIT"
    },
    "node_modules/troika-three-text": {
      "version": "0.52.4",
      "dev": true,
      "license": "MIT",
      "dependencies": {
        "bidi-js": "^1.0.2",
        "troika-three-utils": "^0.52.4",
        "troika-worker-utils": "^0.52.0",
        "webgl-sdf-generator": "1.1.1"
      },
      "peerDependencies": {
        "three": ">=0.125.0"
      }
    },
    "node_modules/troika-three-utils": {
      "version": "0.52.4",
      "dev": true,
      "license": "MIT",
      "peerDependencies": {
        "three": ">=0.125.0"
      }
    },
    "node_modules/troika-worker-utils": {
      "version": "0.52.0",
      "dev": true,
      "license": "MIT"
    },
    "node_modules/tunnel-rat": {
      "version": "0.1.2",
      "dev": true,
      "license": "MIT",
      "dependencies": {
        "zustand": "^4.3.2"
      }
    },
    "node_modules/tunnel-rat/node_modules/zustand": {
      "version": "4.5.7",
      "dev": true,
      "license": "MIT",
      "dependencies": {
        "use-sync-external-store": "^1.2.2"
      },
      "engines": {
        "node": ">=12.7.0"
      },
      "peerDependencies": {
        "@types/react": ">=16.8",
        "immer": ">=9.0.6",
        "react": ">=16.8"
      },
      "peerDependenciesMeta": {
        "@types/react": {
          "optional": true
        },
        "immer": {
          "optional": true
        },
        "react": {
          "optional": true
        }
      }
    },
    "node_modules/typescript": {
      "version": "5.9.3",
      "dev": true,
      "license": "Apache-2.0",
      "bin": {
        "tsc": "bin/tsc",
        "tsserver": "bin/tsserver"
      },
      "engines": {
        "node": ">=14.17"
      }
    },
    "node_modules/use-sync-external-store": {
      "version": "1.6.0",
      "dev": true,
      "license": "MIT",
      "peerDependencies": {
        "react": "^16.8.0 || ^17.0.0 || ^18.0.0 || ^19.0.0"
      }
    },
    "node_modules/utility-types": {
      "version": "3.11.0",
      "dev": true,
      "license": "MIT",
      "engines": {
        "node": ">= 4"
      }
    },
    "node_modules/webgl-constants": {
      "version": "1.1.1",
      "dev": true
    },
    "node_modules/webgl-sdf-generator": {
      "version": "1.1.1",
      "dev": true,
      "license": "MIT"
    },
    "node_modules/which": {
      "version": "2.0.2",
      "dev": true,
      "license": "ISC",
      "dependencies": {
        "isexe": "^2.0.0"
      },
      "bin": {
        "node-which": "bin/node-which"
      },
      "engines": {
        "node": ">= 8"
      }
    },
    "node_modules/zustand": {
      "version": "5.0.13",
      "dev": true,
      "license": "MIT",
      "engines": {
        "node": ">=12.20.0"
      },
      "peerDependencies": {
        "@types/react": ">=18.0.0",
        "immer": ">=9.0.6",
        "react": ">=18.0.0",
        "use-sync-external-store": ">=1.2.0"
      },
      "peerDependenciesMeta": {
        "@types/react": {
          "optional": true
        },
        "immer": {
          "optional": true
        },
        "react": {
          "optional": true
        },
        "use-sync-external-store": {
          "optional": true
        }
      }
    }
  }
}
